
Microsoft Visual Studio Solution File, Format Version 12.00
# Visual Studio Version 17
VisualStudioVersion = 17.0.32126.317
MinimumVisualStudioVersion = 10.0.40219.1
Project("{FAE04EC0-301F-11D3-BF4B-00C04F79EFBC}") = "Registration", "Registration\Registration.csproj", "{00384001-8C80-4331-BBAF-6BD96729EBDA}"
EndProject
Global
	GlobalSection(SolutionConfigurationPlatforms) = preSolution
		Debug|Any CPU = Debug|Any CPU
		Release|Any CPU = Release|Any CPU
	EndGlobalSection
	GlobalSection(ProjectConfigurationPlatforms) = postSolution
		{00384001-8C80-4331-BBAF-6BD96729EBDA}.Debug|Any CPU.ActiveCfg = Debug|Any CPU
		{00384001-8C80-4331-BBAF-6BD96729EBDA}.Debug|Any CPU.Build.0 = Debug|Any CPU
		{00384001-8C80-4331-BBAF-6BD96729EBDA}.Release|Any CPU.ActiveCfg = Release|Any CPU
		{00384001-8C80-4331-BBAF-6BD96729EBDA}.Release|Any CPU.Build.0 = Release|Any CPU
	EndGlobalSection
	GlobalSection(SolutionProperties) = preSolution
		HideSolutionNode = FALSE
	EndGlobalSection
	GlobalSection(ExtensibilityGlobals) = postSolution
		SolutionGuid = {78BCB3D0-459E-471B-A482-072C5CE92E9C}
	EndGlobalSection
EndGlobal
